
Microsoft Visual Studio Solution File, Format Version 12.00
# Visual Studio 2013
VisualStudioVersion = 12.0.30723.0
MinimumVisualStudioVersion = 10.0.40219.1
Project("{FAE04EC0-301F-11D3-BF4B-00C04F79EFBC}") = "DropdownDemo_BareBones", "DropdownDemo_BareBones\DropdownDemo_BareBones.csproj", "{BA6E9ACF-0C6E-4E9F-9022-7D26FF3CEA55}"
EndProject
Global
	GlobalSection(SolutionConfigurationPlatforms) = preSolution
		Debug|Any CPU = Debug|Any CPU
		Release|Any CPU = Release|Any CPU
	EndGlobalSection
	GlobalSection(ProjectConfigurationPlatforms) = postSolution
		{BA6E9ACF-0C6E-4E9F-9022-7D26FF3CEA55}.Debug|Any CPU.ActiveCfg = Debug|Any CPU
		{BA6E9ACF-0C6E-4E9F-9022-7D26FF3CEA55}.Debug|Any CPU.Build.0 = Debug|Any CPU
		{BA6E9ACF-0C6E-4E9F-9022-7D26FF3CEA55}.Release|Any CPU.ActiveCfg = Release|Any CPU
		{BA6E9ACF-0C6E-4E9F-9022-7D26FF3CEA55}.Release|Any CPU.Build.0 = Release|Any CPU
	EndGlobalSection
	GlobalSection(SolutionProperties) = preSolution
		HideSolutionNode = FALSE
	EndGlobalSection
EndGlobal
